
Microsoft Visual Studio Solution File, Format Version 12.00
# Visual Studio Version 17
VisualStudioVersion = 17.8.34525.116
MinimumVisualStudioVersion = 10.0.40219.1
Project("{FAE04EC0-301F-11D3-BF4B-00C04F79EFBC}") = "BezmislenLinkedList", "BezmislenLinkedList.csproj", "{6A332E8E-4CE2-4C97-B497-4A757AC4F8AD}"
EndProject
Global
	GlobalSection(SolutionConfigurationPlatforms) = preSolution
		Debug|Any CPU = Debug|Any CPU
		Release|Any CPU = Release|Any CPU
	EndGlobalSection
	GlobalSection(ProjectConfigurationPlatforms) = postSolution
		{6A332E8E-4CE2-4C97-B497-4A757AC4F8AD}.Debug|Any CPU.ActiveCfg = Debug|Any CPU
		{6A332E8E-4CE2-4C97-B497-4A757AC4F8AD}.Debug|Any CPU.Build.0 = Debug|Any CPU
		{6A332E8E-4CE2-4C97-B497-4A757AC4F8AD}.Release|Any CPU.ActiveCfg = Release|Any CPU
		{6A332E8E-4CE2-4C97-B497-4A757AC4F8AD}.Release|Any CPU.Build.0 = Release|Any CPU
	EndGlobalSection
	GlobalSection(SolutionProperties) = preSolution
		HideSolutionNode = FALSE
	EndGlobalSection
	GlobalSection(ExtensibilityGlobals) = postSolution
		SolutionGuid = {3B1CCC44-4B40-4F1D-AC8E-4A9A909F80CC}
	EndGlobalSection
EndGlobal
